// !$*UTF8*$!
{
	archiveVersion = 1;
	classes = {
	};
	objectVersion = 46;
	objects = {

/* Begin PBXBuildFile section */
		79ABAFCC1C716AE200EBA259 /* AppDelegate.swift in Sources */ = {isa = PBXBuildFile; fileRef = 79ABAFCB1C716AE200EBA259 /* AppDelegate.swift */; };
		79ABAFCE1C716AE200EBA259 /* ViewController.swift in Sources */ = {isa = PBXBuildFile; fileRef = 79ABAFCD1C716AE200EBA259 /* ViewController.swift */; };
		79ABAFD11C716AE200EBA259 /* Main.storyboard in Resources */ = {isa = PBXBuildFile; fileRef = 79ABAFCF1C716AE200EBA259 /* Main.storyboard */; };
		79ABAFD31C716AE200EBA259 /* Assets.xcassets in Resources */ = {isa = PBXBuildFile; fileRef = 79ABAFD21C716AE200EBA259 /* Assets.xcassets */; };
		79ABAFD61C716AE200EBA259 /* LaunchScreen.storyboard in Resources */ = {isa = PBXBuildFile; fileRef = 79ABAFD41C716AE200EBA259 /* LaunchScreen.storyboard */; };
		79ABAFE11C716AE200EBA259 /* ChatAppTests.swift in Sources */ = {isa = PBXBuildFile; fileRef = 79ABAFE01C716AE200EBA259 /* ChatAppTests.swift */; };
		79ABAFEC1C716AE200EBA259 /* ChatAppUITests.swift in Sources */ = {isa = PBXBuildFile; fileRef = 79ABAFEB1C716AE200EBA259 /* ChatAppUITests.swift */; };
		A613620329D946CEE3553549 /* Pods.framework in Frameworks */ = {isa = PBXBuildFile; fileRef = DE8BC6B9AC6821991A657F44 /* Pods.framework */; };
/* End PBXBuildFile section */

/* Begin PBXContainerItemProxy section */
		79ABAFDD1C716AE200EBA259 /* PBXContainerItemProxy */ = {
			isa = PBXContainerItemProxy;
			containerPortal = 79ABAFC01C716AE200EBA259 /* Project object */;
			proxyType = 1;
			remoteGlobalIDString = 79ABAFC71C716AE200EBA259;
			remoteInfo = ChatApp;
		};
		79ABAFE81C716AE200EBA259 /* PBXContainerItemProxy */ = {
			isa = PBXContainerItemProxy;
			containerPortal = 79ABAFC01C716AE200EBA259 /* Project object */;
			proxyType = 1;
			remoteGlobalIDString = 79ABAFC71C716AE200EBA259;
			remoteInfo = ChatApp;
		};
/* End PBXContainerItemProxy section */

/* Begin PBXFileReference section */
		484DBB57072F3323CC5280CB /* Pods.debug.xcconfig */ = {isa = PBXFileReference; includeInIndex = 1; lastKnownFileType = text.xcconfig; name = Pods.debug.xcconfig; path = "Pods/Target Support Files/Pods/Pods.debug.xcconfig"; sourceTree = "<group>"; };
		79ABAFC81C716AE200EBA259 /* ChatApp.app */ = {isa = PBXFileReference; explicitFileType = wrapper.application; includeInIndex = 0; path = ChatApp.app; sourceTree = BUILT_PRODUCTS_DIR; };
		79ABAFCB1C716AE200EBA259 /* AppDelegate.swift */ = {isa = PBXFileReference; lastKnownFileType = sourcecode.swift; path = AppDelegate.swift; sourceTree = "<group>"; };
		79ABAFCD1C716AE200EBA259 /* ViewController.swift */ = {isa = PBXFileReference; lastKnownFileType = sourcecode.swift; path = ViewController.swift; sourceTree = "<group>"; };
		79ABAFD01C716AE200EBA259 /* Base */ = {isa = PBXFileReference; lastKnownFileType = file.storyboard; name = Base; path = Base.lproj/Main.storyboard; sourceTree = "<group>"; };
		79ABAFD21C716AE200EBA259 /* Assets.xcassets */ = {isa = PBXFileReference; lastKnownFileType = folder.assetcatalog; path = Assets.xcassets; sourceTree = "<group>"; };
		79ABAFD51C716AE200EBA259 /* Base */ = {isa = PBXFileReference; lastKnownFileType = file.storyboard; name = Base; path = Base.lproj/LaunchScreen.storyboard; sourceTree = "<group>"; };
		79ABAFD71C716AE200EBA259 /* Info.plist */ = {isa = PBXFileReference; lastKnownFileType = text.plist.xml; path = Info.plist; sourceTree = "<group>"; };
		79ABAFDC1C716AE200EBA259 /* ChatAppTests.xctest */ = {isa = PBXFileReference; explicitFileType = wrapper.cfbundle; includeInIndex = 0; path = ChatAppTests.xctest; sourceTree = BUILT_PRODUCTS_DIR; };
		79ABAFE01C716AE200EBA259 /* ChatAppTests.swift */ = {isa = PBXFileReference; lastKnownFileType = sourcecode.swift; path = ChatAppTests.swift; sourceTree = "<group>"; };
		79ABAFE21C716AE200EBA259 /* Info.plist */ = {isa = PBXFileReference; lastKnownFileType = text.plist.xml; path = Info.plist; sourceTree = "<group>"; };
		79ABAFE71C716AE200EBA259 /* ChatAppUITests.xctest */ = {isa = PBXFileReference; explicitFileType = wrapper.cfbundle; includeInIndex = 0; path = ChatAppUITests.xctest; sourceTree = BUILT_PRODUCTS_DIR; };
		79ABAFEB1C716AE200EBA259 /* ChatAppUITests.swift */ = {isa = PBXFileReference; lastKnownFileType = sourcecode.swift; path = ChatAppUITests.swift; sourceTree = "<group>"; };
		79ABAFED1C716AE200EBA259 /* Info.plist */ = {isa = PBXFileReference; lastKnownFileType = text.plist.xml; path = Info.plist; sourceTree = "<group>"; };
		79ABAFF91C716D0F00EBA259 /* ChatApp-Bridging-Header.h */ = {isa = PBXFileReference; lastKnownFileType = sourcecode.c.h; path = "ChatApp-Bridging-Header.h"; sourceTree = "<group>"; };
		B2F078349F1A8610CEF4A25E /* Pods.release.xcconfig */ = {isa = PBXFileReference; includeInIndex = 1; lastKnownFileType = text.xcconfig; name = Pods.release.xcconfig; path = "Pods/Target Support Files/Pods/Pods.release.xcconfig"; sourceTree = "<group>"; };
		DE8BC6B9AC6821991A657F44 /* Pods.framework */ = {isa = PBXFileReference; explicitFileType = wrapper.framework; includeInIndex = 0; path = Pods.framework; sourceTree = BUILT_PRODUCTS_DIR; };
/* End PBXFileReference section */

/* Begin PBXFrameworksBuildPhase section */
		79ABAFC51C716AE200EBA259 /* Frameworks */ = {
			isa = PBXFrameworksBuildPhase;
			buildActionMask = 2147483647;
			files = (
				A613620329D946CEE3553549 /* Pods.framework in Frameworks */,
			);
			runOnlyForDeploymentPostprocessing = 0;
		};
		79ABAFD91C716AE200EBA259 /* Frameworks */ = {
			isa = PBXFrameworksBuildPhase;
			buildActionMask = 2147483647;
			files = (
			);
			runOnlyForDeploymentPostprocessing = 0;
		};
		79ABAFE41C716AE200EBA259 /* Frameworks */ = {
			isa = PBXFrameworksBuildPhase;
			buildActionMask = 2147483647;
			files = (
			);
			runOnlyForDeploymentPostprocessing = 0;
		};
/* End PBXFrameworksBuildPhase section */

/* Begin PBXGroup section */
		79ABAFBF1C716AE200EBA259 = {
			isa = PBXGroup;
			children = (
				79ABAFCA1C716AE200EBA259 /* ChatApp */,
				79ABAFDF1C716AE200EBA259 /* ChatAppTests */,
				79ABAFEA1C716AE200EBA259 /* ChatAppUITests */,
				79ABAFC91C716AE200EBA259 /* Products */,
				8FA5B800F97D7E7C2D07C2D1 /* Pods */,
				8C5BBFEFAAB91B82F9C813DB /* Frameworks */,
			);
			sourceTree = "<group>";
		};
		79ABAFC91C716AE200EBA259 /* Products */ = {
			isa = PBXGroup;
			children = (
				79ABAFC81C716AE200EBA259 /* ChatApp.app */,
				79ABAFDC1C716AE200EBA259 /* ChatAppTests.xctest */,
				79ABAFE71C716AE200EBA259 /* ChatAppUITests.xctest */,
			);
			name = Products;
			sourceTree = "<group>";
		};
		79ABAFCA1C716AE200EBA259 /* ChatApp */ = {
			isa = PBXGroup;
			children = (
				79ABAFCB1C716AE200EBA259 /* AppDelegate.swift */,
				79ABAFCD1C716AE200EBA259 /* ViewController.swift */,
				79ABAFCF1C716AE200EBA259 /* Main.storyboard */,
				79ABAFD21C716AE200EBA259 /* Assets.xcassets */,
				79ABAFD41C716AE200EBA259 /* LaunchScreen.storyboard */,
				79ABAFD71C716AE200EBA259 /* Info.plist */,
				79ABAFF91C716D0F00EBA259 /* ChatApp-Bridging-Header.h */,
			);
			path = ChatApp;
			sourceTree = "<group>";
		};
		79ABAFDF1C716AE200EBA259 /* ChatAppTests */ = {
			isa = PBXGroup;
			children = (
				79ABAFE01C716AE200EBA259 /* ChatAppTests.swift */,
				79ABAFE21C716AE200EBA259 /* Info.plist */,
			);
			path = ChatAppTests;
			sourceTree = "<group>";
		};
		79ABAFEA1C716AE200EBA259 /* ChatAppUITests */ = {
			isa = PBXGroup;
			children = (
				79ABAFEB1C716AE200EBA259 /* ChatAppUITests.swift */,
				79ABAFED1C716AE200EBA259 /* Info.plist */,
			);
			path = ChatAppUITests;
			sourceTree = "<group>";
		};
		8C5BBFEFAAB91B82F9C813DB /* Frameworks */ = {
			isa = PBXGroup;
			children = (
				DE8BC6B9AC6821991A657F44 /* Pods.framework */,
			);
			name = Frameworks;
			sourceTree = "<group>";
		};
		8FA5B800F97D7E7C2D07C2D1 /* Pods */ = {
			isa = PBXGroup;
			children = (
				484DBB57072F3323CC5280CB /* Pods.debug.xcconfig */,
				B2F078349F1A8610CEF4A25E /* Pods.release.xcconfig */,
			);
			name = Pods;
			sourceTree = "<group>";
		};
/* End PBXGroup section */

/* Begin PBXNativeTarget section */
		79ABAFC71C716AE200EBA259 /* ChatApp */ = {
			isa = PBXNativeTarget;
			buildConfigurationList = 79ABAFF01C716AE200EBA259 /* Build configuration list for PBXNativeTarget "ChatApp" */;
			buildPhases = (
				EFF7B7B2C792CAAD7C204F71 /* Check Pods Manifest.lock */,
				79ABAFC41C716AE200EBA259 /* Sources */,
				79ABAFC51C716AE200EBA259 /* Frameworks */,
				79ABAFC61C716AE200EBA259 /* Resources */,
				B67E6B69C99105DB264CC9E3 /* Embed Pods Frameworks */,
				A771B1FB712D208EAF82EFA7 /* Copy Pods Resources */,
			);
			buildRules = (
			);
			dependencies = (
			);
			name = ChatApp;
			productName = ChatApp;
			productReference = 79ABAFC81C716AE200EBA259 /* ChatApp.app */;
			productType = "com.apple.product-type.application";
		};
		79ABAFDB1C716AE200EBA259 /* ChatAppTests */ = {
			isa = PBXNativeTarget;
			buildConfigurationList = 79ABAFF31C716AE200EBA259 /* Build configuration list for PBXNativeTarget "ChatAppTests" */;
			buildPhases = (
				79ABAFD81C716AE200EBA259 /* Sources */,
				79ABAFD91C716AE200EBA259 /* Frameworks */,
				79ABAFDA1C716AE200EBA259 /* Resources */,
			);
			buildRules = (
			);
			dependencies = (
				79ABAFDE1C716AE200EBA259 /* PBXTargetDependency */,
			);
			name = ChatAppTests;
			productName = ChatAppTests;
			productReference = 79ABAFDC1C716AE200EBA259 /* ChatAppTests.xctest */;
			productType = "com.apple.product-type.bundle.unit-test";
		};
		79ABAFE61C716AE200EBA259 /* ChatAppUITests */ = {
			isa = PBXNativeTarget;
			buildConfigurationList = 79ABAFF61C716AE200EBA259 /* Build configuration list for PBXNativeTarget "ChatAppUITests" */;
			buildPhases = (
				79ABAFE31C716AE200EBA259 /* Sources */,
				79ABAFE41C716AE200EBA259 /* Frameworks */,
				79ABAFE51C716AE200EBA259 /* Resources */,
			);
			buildRules = (
			);
			dependencies = (
				79ABAFE91C716AE200EBA259 /* PBXTargetDependency */,
			);
			name = ChatAppUITests;
			productName = ChatAppUITests;
			productReference = 79ABAFE71C716AE200EBA259 /* ChatAppUITests.xctest */;
			productType = "com.apple.product-type.bundle.ui-testing";
		};
/* End PBXNativeTarget section */

/* Begin PBXProject section */
		79ABAFC01C716AE200EBA259 /* Project object */ = {
			isa = PBXProject;
			attributes = {
				LastSwiftUpdateCheck = 0720;
				LastUpgradeCheck = 0720;
				ORGANIZATIONNAME = CHEEBOW;
				TargetAttributes = {
					79ABAFC71C716AE200EBA259 = {
						CreatedOnToolsVersion = 7.2.1;
					};
					79ABAFDB1C716AE200EBA259 = {
						CreatedOnToolsVersion = 7.2.1;
						TestTargetID = 79ABAFC71C716AE200EBA259;
					};
					79ABAFE61C716AE200EBA259 = {
						CreatedOnToolsVersion = 7.2.1;
						TestTargetID = 79ABAFC71C716AE200EBA259;
					};
				};
			};
			buildConfigurationList = 79ABAFC31C716AE200EBA259 /* Build configuration list for PBXProject "ChatApp" */;
			compatibilityVersion = "Xcode 3.2";
			developmentRegion = English;
			hasScannedForEncodings = 0;
			knownRegions = (
				en,
				Base,
			);
			mainGroup = 79ABAFBF1C716AE200EBA259;
			productRefGroup = 79ABAFC91C716AE200EBA259 /* Products */;
			projectDirPath = "";
			projectRoot = "";
			targets = (
				79ABAFC71C716AE200EBA259 /* ChatApp */,
				79ABAFDB1C716AE200EBA259 /* ChatAppTests */,
				79ABAFE61C716AE200EBA259 /* ChatAppUITests */,
			);
		};
/* End PBXProject section */

/* Begin PBXResourcesBuildPhase section */
		79ABAFC61C716AE200EBA259 /* Resources */ = {
			isa = PBXResourcesBuildPhase;
			buildActionMask = 2147483647;
			files = (
				79ABAFD61C716AE200EBA259 /* LaunchScreen.storyboard in Resources */,
				79ABAFD31C716AE200EBA259 /* Assets.xcassets in Resources */,
				79ABAFD11C716AE200EBA259 /* Main.storyboard in Resources */,
			);
			runOnlyForDeploymentPostprocessing = 0;
		};
		79ABAFDA1C716AE200EBA259 /* Resources */ = {
			isa = PBXResourcesBuildPhase;
			buildActionMask = 2147483647;
			files = (
			);
			runOnlyForDeploymentPostprocessing = 0;
		};
		79ABAFE51C716AE200EBA259 /* Resources */ = {
			isa = PBXResourcesBuildPhase;
			buildActionMask = 2147483647;
			files = (
			);
			runOnlyForDeploymentPostprocessing = 0;
		};
/* End PBXResourcesBuildPhase section */

/* Begin PBXShellScriptBuildPhase section */
		A771B1FB712D208EAF82EFA7 /* Copy Pods Resources */ = {
			isa = PBXShellScriptBuildPhase;
			buildActionMask = 2147483647;
			files = (
			);
			inputPaths = (
			);
			name = "Copy Pods Resources";
			outputPaths = (
			);
			runOnlyForDeploymentPostprocessing = 0;
			shellPath = /bin/sh;
			shellScript = "\"${SRCROOT}/Pods/Target Support Files/Pods/Pods-resources.sh\"\n";
			showEnvVarsInLog = 0;
		};
		B67E6B69C99105DB264CC9E3 /* Embed Pods Frameworks */ = {
			isa = PBXShellScriptBuildPhase;
			buildActionMask = 2147483647;
			files = (
			);
			inputPaths = (
			);
			name = "Embed Pods Frameworks";
			outputPaths = (
			);
			runOnlyForDeploymentPostprocessing = 0;
			shellPath = /bin/sh;
			shellScript = "\"${SRCROOT}/Pods/Target Support Files/Pods/Pods-frameworks.sh\"\n";
			showEnvVarsInLog = 0;
		};
		EFF7B7B2C792CAAD7C204F71 /* Check Pods Manifest.lock */ = {
			isa = PBXShellScriptBuildPhase;
			buildActionMask = 2147483647;
			files = (
			);
			inputPaths = (
			);
			name = "Check Pods Manifest.lock";
			outputPaths = (
			);
			runOnlyForDeploymentPostprocessing = 0;
			shellPath = /bin/sh;
			shellScript = "diff \"${PODS_ROOT}/../Podfile.lock\" \"${PODS_ROOT}/Manifest.lock\" > /dev/null\nif [[ $? != 0 ]] ; then\n    cat << EOM\nerror: The sandbox is not in sync with the Podfile.lock. Run 'pod install' or update your CocoaPods installation.\nEOM\n    exit 1\nfi\n";
			showEnvVarsInLog = 0;
		};
/* End PBXShellScriptBuildPhase section */

/* Begin PBXSourcesBuildPhase section */
		79ABAFC41C716AE200EBA259 /* Sources */ = {
			isa = PBXSourcesBuildPhase;
			buildActionMask = 2147483647;
			files = (
				79ABAFCE1C716AE200EBA259 /* ViewController.swift in Sources */,
				79ABAFCC1C716AE200EBA259 /* AppDelegate.swift in Sources */,
			);
			runOnlyForDeploymentPostprocessing = 0;
		};
		79ABAFD81C716AE200EBA259 /* Sources */ = {
			isa = PBXSourcesBuildPhase;
			buildActionMask = 2147483647;
			files = (
				79ABAFE11C716AE200EBA259 /* ChatAppTests.swift in Sources */,
			);
			runOnlyForDeploymentPostprocessing = 0;
		};
		79ABAFE31C716AE200EBA259 /* Sources */ = {
			isa = PBXSourcesBuildPhase;
			buildActionMask = 2147483647;
			files = (
				79ABAFEC1C716AE200EBA259 /* ChatAppUITests.swift in Sources */,
			);
			runOnlyForDeploymentPostprocessing = 0;
		};
/* End PBXSourcesBuildPhase section */

/* Begin PBXTargetDependency section */
		79ABAFDE1C716AE200EBA259 /* PBXTargetDependency */ = {
			isa = PBXTargetDependency;
			target = 79ABAFC71C716AE200EBA259 /* ChatApp */;
			targetProxy = 79ABAFDD1C716AE200EBA259 /* PBXContainerItemProxy */;
		};
		79ABAFE91C716AE200EBA259 /* PBXTargetDependency */ = {
			isa = PBXTargetDependency;
			target = 79ABAFC71C716AE200EBA259 /* ChatApp */;
			targetProxy = 79ABAFE81C716AE200EBA259 /* PBXContainerItemProxy */;
		};
/* End PBXTargetDependency section */

/* Begin PBXVariantGroup section */
		79ABAFCF1C716AE200EBA259 /* Main.storyboard */ = {
			isa = PBXVariantGroup;
			children = (
				79ABAFD01C716AE200EBA259 /* Base */,
			);
			name = Main.storyboard;
			sourceTree = "<group>";
		};
		79ABAFD41C716AE200EBA259 /* LaunchScreen.storyboard */ = {
			isa = PBXVariantGroup;
			children = (
				79ABAFD51C716AE200EBA259 /* Base */,
			);
			name = LaunchScreen.storyboard;
			sourceTree = "<group>";
		};
/* End PBXVariantGroup section */

/* Begin XCBuildConfiguration section */
		79ABAFEE1C716AE200EBA259 /* Debug */ = {
			isa = XCBuildConfiguration;
			buildSettings = {
				ALWAYS_SEARCH_USER_PATHS = NO;
				CLANG_CXX_LANGUAGE_STANDARD = "gnu++0x";
				CLANG_CXX_LIBRARY = "libc++";
				CLANG_ENABLE_MODULES = YES;
				CLANG_ENABLE_OBJC_ARC = YES;
				CLANG_WARN_BOOL_CONVERSION = YES;
				CLANG_WARN_CONSTANT_CONVERSION = YES;
				CLANG_WARN_DIRECT_OBJC_ISA_USAGE = YES_ERROR;
				CLANG_WARN_EMPTY_BODY = YES;
				CLANG_WARN_ENUM_CONVERSION = YES;
				CLANG_WARN_INT_CONVERSION = YES;
				CLANG_WARN_OBJC_ROOT_CLASS = YES_ERROR;
				CLANG_WARN_UNREACHABLE_CODE = YES;
				CLANG_WARN__DUPLICATE_METHOD_MATCH = YES;
				"CODE_SIGN_IDENTITY[sdk=iphoneos*]" = "iPhone Developer";
				COPY_PHASE_STRIP = NO;
				DEBUG_INFORMATION_FORMAT = dwarf;
				ENABLE_STRICT_OBJC_MSGSEND = YES;
				ENABLE_TESTABILITY = YES;
				GCC_C_LANGUAGE_STANDARD = gnu99;
				GCC_DYNAMIC_NO_PIC = NO;
				GCC_NO_COMMON_BLOCKS = YES;
				GCC_OPTIMIZATION_LEVEL = 0;
				GCC_PREPROCESSOR_DEFINITIONS = (
					"DEBUG=1",
					"$(inherited)",
				);
				GCC_WARN_64_TO_32_BIT_CONVERSION = YES;
				GCC_WARN_ABOUT_RETURN_TYPE = YES_ERROR;
				GCC_WARN_UNDECLARED_SELECTOR = YES;
				GCC_WARN_UNINITIALIZED_AUTOS = YES_AGGRESSIVE;
				GCC_WARN_UNUSED_FUNCTION = YES;
				GCC_WARN_UNUSED_VARIABLE = YES;
				IPHONEOS_DEPLOYMENT_TARGET = 9.2;
				MTL_ENABLE_DEBUG_INFO = YES;
				ONLY_ACTIVE_ARCH = YES;
				SDKROOT = iphoneos;
				SWIFT_OPTIMIZATION_LEVEL = "-Onone";
			};
			name = Debug;
		};
		79ABAFEF1C716AE200EBA259 /* Release */ = {
			isa = XCBuildConfiguration;
			buildSettings = {
				ALWAYS_SEARCH_USER_PATHS = NO;
				CLANG_CXX_LANGUAGE_STANDARD = "gnu++0x";
				CLANG_CXX_LIBRARY = "libc++";
				CLANG_ENABLE_MODULES = YES;
				CLANG_ENABLE_OBJC_ARC = YES;
				CLANG_WARN_BOOL_CONVERSION = YES;
				CLANG_WARN_CONSTANT_CONVERSION = YES;
				CLANG_WARN_DIRECT_OBJC_ISA_USAGE = YES_ERROR;
				CLANG_WARN_EMPTY_BODY = YES;
				CLANG_WARN_ENUM_CONVERSION = YES;
				CLANG_WARN_INT_CONVERSION = YES;
				CLANG_WARN_OBJC_ROOT_CLASS = YES_ERROR;
				CLANG_WARN_UNREACHABLE_CODE = YES;
				CLANG_WARN__DUPLICATE_METHOD_MATCH = YES;
				"CODE_SIGN_IDENTITY[sdk=iphoneos*]" = "iPhone Developer";
				COPY_PHASE_STRIP = NO;
				DEBUG_INFORMATION_FORMAT = "dwarf-with-dsym";
				ENABLE_NS_ASSERTIONS = NO;
				ENABLE_STRICT_OBJC_MSGSEND = YES;
				GCC_C_LANGUAGE_STANDARD = gnu99;
				GCC_NO_COMMON_BLOCKS = YES;
				GCC_WARN_64_TO_32_BIT_CONVERSION = YES;
				GCC_WARN_ABOUT_RETURN_TYPE = YES_ERROR;
				GCC_WARN_UNDECLARED_SELECTOR = YES;
				GCC_WARN_UNINITIALIZED_AUTOS = YES_AGGRESSIVE;
				GCC_WARN_UNUSED_FUNCTION = YES;
				GCC_WARN_UNUSED_VARIABLE = YES;
				IPHONEOS_DEPLOYMENT_TARGET = 9.2;
				MTL_ENABLE_DEBUG_INFO = NO;
				SDKROOT = iphoneos;
				VALIDATE_PRODUCT = YES;
			};
			name = Release;
		};
		79ABAFF11C716AE200EBA259 /* Debug */ = {
			isa = XCBuildConfiguration;
			baseConfigurationReference = 484DBB57072F3323CC5280CB /* Pods.debug.xcconfig */;
			buildSettings = {
				ASSETCATALOG_COMPILER_APPICON_NAME = AppIcon;
				CLANG_ENABLE_MODULES = YES;
				INFOPLIST_FILE = ChatApp/Info.plist;
				LD_RUNPATH_SEARCH_PATHS = "$(inherited) @executable_path/Frameworks";
				PRODUCT_BUNDLE_IDENTIFIER = info.cheebow.ChatApp;
				PRODUCT_NAME = "$(TARGET_NAME)";
				SWIFT_OBJC_BRIDGING_HEADER = "ChatApp/ChatApp-Bridging-Header.h";
				SWIFT_OPTIMIZATION_LEVEL = "-Onone";
			};
			name = Debug;
		};
		79ABAFF21C716AE200EBA259 /* Release */ = {
			isa = XCBuildConfiguration;
			baseConfigurationReference = B2F078349F1A8610CEF4A25E /* Pods.release.xcconfig */;
			buildSettings = {
				ASSETCATALOG_COMPILER_APPICON_NAME = AppIcon;
				CLANG_ENABLE_MODULES = YES;
				INFOPLIST_FILE = ChatApp/Info.plist;
				LD_RUNPATH_SEARCH_PATHS = "$(inherited) @executable_path/Frameworks";
				PRODUCT_BUNDLE_IDENTIFIER = info.cheebow.ChatApp;
				PRODUCT_NAME = "$(TARGET_NAME)";
				SWIFT_OBJC_BRIDGING_HEADER = "ChatApp/ChatApp-Bridging-Header.h";
			};
			name = Release;
		};
		79ABAFF41C716AE200EBA259 /* Debug */ = {
			isa = XCBuildConfiguration;
			buildSettings = {
				BUNDLE_LOADER = "$(TEST_HOST)";
				INFOPLIST_FILE = ChatAppTests/Info.plist;
				LD_RUNPATH_SEARCH_PATHS = "$(inherited) @executable_path/Frameworks @loader_path/Frameworks";
				PRODUCT_BUNDLE_IDENTIFIER = info.cheebow.ChatAppTests;
				PRODUCT_NAME = "$(TARGET_NAME)";
				TEST_HOST = "$(BUILT_PRODUCTS_DIR)/ChatApp.app/ChatApp";
			};
			name = Debug;
		};
		79ABAFF51C716AE200EBA259 /* Release */ = {
			isa = XCBuildConfiguration;
			buildSettings = {
				BUNDLE_LOADER = "$(TEST_HOST)";
				INFOPLIST_FILE = ChatAppTests/Info.plist;
				LD_RUNPATH_SEARCH_PATHS = "$(inherited) @executable_path/Frameworks @loader_path/Frameworks";
				PRODUCT_BUNDLE_IDENTIFIER = info.cheebow.ChatAppTests;
				PRODUCT_NAME = "$(TARGET_NAME)";
				TEST_HOST = "$(BUILT_PRODUCTS_DIR)/ChatApp.app/ChatApp";
			};
			name = Release;
		};
		79ABAFF71C716AE200EBA259 /* Debug */ = {
			isa = XCBuildConfiguration;
			buildSettings = {
				INFOPLIST_FILE = ChatAppUITests/Info.plist;
				LD_RUNPATH_SEARCH_PATHS = "$(inherited) @executable_path/Frameworks @loader_path/Frameworks";
				PRODUCT_BUNDLE_IDENTIFIER = info.cheebow.ChatAppUITests;
				PRODUCT_NAME = "$(TARGET_NAME)";
				TEST_TARGET_NAME = ChatApp;
				USES_XCTRUNNER = YES;
			};
			name = Debug;
		};
		79ABAFF81C716AE200EBA259 /* Release */ = {
			isa = XCBuildConfiguration;
			buildSettings = {
				INFOPLIST_FILE = ChatAppUITests/Info.plist;
				LD_RUNPATH_SEARCH_PATHS = "$(inherited) @executable_path/Frameworks @loader_path/Frameworks";
				PRODUCT_BUNDLE_IDENTIFIER = info.cheebow.ChatAppUITests;
				PRODUCT_NAME = "$(TARGET_NAME)";
				TEST_TARGET_NAME = ChatApp;
				USES_XCTRUNNER = YES;
			};
			name = Release;
		};
/* End XCBuildConfiguration section */

/* Begin XCConfigurationList section */
		79ABAFC31C716AE200EBA259 /* Build configuration list for PBXProject "ChatApp" */ = {
			isa = XCConfigurationList;
			buildConfigurations = (
				79ABAFEE1C716AE200EBA259 /* Debug */,
				79ABAFEF1C716AE200EBA259 /* Release */,
			);
			defaultConfigurationIsVisible = 0;
			defaultConfigurationName = Release;
		};
		79ABAFF01C716AE200EBA259 /* Build configuration list for PBXNativeTarget "ChatApp" */ = {
			isa = XCConfigurationList;
			buildConfigurations = (
				79ABAFF11C716AE200EBA259 /* Debug */,
				79ABAFF21C716AE200EBA259 /* Release */,
			);
			defaultConfigurationIsVisible = 0;
			defaultConfigurationName = Release;
		};
		79ABAFF31C716AE200EBA259 /* Build configuration list for PBXNativeTarget "ChatAppTests" */ = {
			isa = XCConfigurationList;
			buildConfigurations = (
				79ABAFF41C716AE200EBA259 /* Debug */,
				79ABAFF51C716AE200EBA259 /* Release */,
			);
			defaultConfigurationIsVisible = 0;
			defaultConfigurationName = Release;
		};
		79ABAFF61C716AE200EBA259 /* Build configuration list for PBXNativeTarget "ChatAppUITests" */ = {
			isa = XCConfigurationList;
			buildConfigurations = (
				79ABAFF71C716AE200EBA259 /* Debug */,
				79ABAFF81C716AE200EBA259 /* Release */,
			);
			defaultConfigurationIsVisible = 0;
			defaultConfigurationName = Release;
		};
/* End XCConfigurationList section */
	};
	rootObject = 79ABAFC01C716AE200EBA259 /* Project object */;
}
